
Microsoft Visual Studio Solution File, Format Version 12.00
# Visual Studio 15
Project("{FAE04EC0-301F-11D3-BF4B-00C04F79EFBC}") = "SimpleInput.Runtime", "SimpleInput.Runtime.csproj", "{93A5148E-6889-18B6-7C79-B88F9264DA40}"
EndProject
Project("{FAE04EC0-301F-11D3-BF4B-00C04F79EFBC}") = "Assembly-CSharp", "Assembly-CSharp.csproj", "{3E591E6E-08A4-6B42-B4FD-AE36D964EDB1}"
EndProject
Project("{FAE04EC0-301F-11D3-BF4B-00C04F79EFBC}") = "SimpleInput.Editor", "SimpleInput.Editor.csproj", "{E0791C68-317F-DB14-7FFA-7FDC6C1D8375}"
EndProject
Global
	GlobalSection(SolutionConfigurationPlatforms) = preSolution
		Debug|Any CPU = Debug|Any CPU
		Release|Any CPU = Release|Any CPU
	EndGlobalSection
	GlobalSection(ProjectConfigurationPlatforms) = postSolution
		{93A5148E-6889-18B6-7C79-B88F9264DA40}.Debug|Any CPU.ActiveCfg = Debug|Any CPU
		{93A5148E-6889-18B6-7C79-B88F9264DA40}.Debug|Any CPU.Build.0 = Debug|Any CPU
		{93A5148E-6889-18B6-7C79-B88F9264DA40}.Release|Any CPU.ActiveCfg = Release|Any CPU
		{93A5148E-6889-18B6-7C79-B88F9264DA40}.Release|Any CPU.Build.0 = Release|Any CPU
		{3E591E6E-08A4-6B42-B4FD-AE36D964EDB1}.Debug|Any CPU.ActiveCfg = Debug|Any CPU
		{3E591E6E-08A4-6B42-B4FD-AE36D964EDB1}.Debug|Any CPU.Build.0 = Debug|Any CPU
		{3E591E6E-08A4-6B42-B4FD-AE36D964EDB1}.Release|Any CPU.ActiveCfg = Release|Any CPU
		{3E591E6E-08A4-6B42-B4FD-AE36D964EDB1}.Release|Any CPU.Build.0 = Release|Any CPU
		{E0791C68-317F-DB14-7FFA-7FDC6C1D8375}.Debug|Any CPU.ActiveCfg = Debug|Any CPU
		{E0791C68-317F-DB14-7FFA-7FDC6C1D8375}.Debug|Any CPU.Build.0 = Debug|Any CPU
		{E0791C68-317F-DB14-7FFA-7FDC6C1D8375}.Release|Any CPU.ActiveCfg = Release|Any CPU
		{E0791C68-317F-DB14-7FFA-7FDC6C1D8375}.Release|Any CPU.Build.0 = Release|Any CPU
	EndGlobalSection
	GlobalSection(SolutionProperties) = preSolution
		HideSolutionNode = FALSE
	EndGlobalSection
EndGlobal
